github.com/google/go-cmp v0.7.0 h1:wk8382ETsv4JYUZwIsn6YpYiWiBsYLSJiTsyBybVuN8=
github.com/google/go-cmp v0.7.0/go.mod h1:pXiqmnSA92OHEEa9HXL2W4E7lf9JzCmGVUdgjX3N/iU=
github.com/kovidgoyal/go-parallel v1.0.1 h1:nYUjN+EdpbmQjTg3N5eTUInuXTB3/1oD2vHdaMfuHoI=
github.com/kovidgoyal/go-parallel v1.0.1/go.mod h1:BJNIbe6+hxyFWv7n6oEDPj3PA5qSw5OCtf0hcVxWJiw=
github.com/kovidgoyal/prism v0.0.0-20251012091921-e9749344d789 h1:cOSbxTyRpZ8wUVS18ElLufIOMrJipoeMFdqM03tPZw4=
github.com/kovidgoyal/prism v0.0.0-20251012091921-e9749344d789/go.mod h1:KDaPac9er8P4OCzeQoGUxHjjH9zYWUR57kYNPodZwLs=
github.com/rwcarlsen/goexif v0.0.0-20190401172101-9e8deecbddbd h1:CmH9+J6ZSsIjUK3dcGsnCnO41eRBOnY12zwkn5qVwgc=
github.com/rwcarlsen/goexif v0.0.0-20190401172101-9e8deecbddbd/go.mod h1:hPqNNc0+uJM6H+SuU8sEs5K5IQeKccPqeSjfgcKGgPk=
golang.org/x/image v0.31.0 h1:mLChjE2MV6g1S7oqbXC0/UcKijjm5fnJLUYKIYrLESA=
golang.org/x/image v0.31.0/go.mod h1:R9ec5Lcp96v9FTF+ajwaH3uGxPH4fKfHHAVbUILxghA=
